
Microsoft Visual Studio Solution File, Format Version 12.00
# Visual Studio Version 16
VisualStudioVersion = 16.0.31410.357
MinimumVisualStudioVersion = 10.0.40219.1
Project("{9A19103F-16F7-4668-BE54-9A1E7A4F7556}") = "TastyFoodWebApp", "TastyFoodWebApp\TastyFoodWebApp.csproj", "{6E16ACDA-FC1D-4B8A-B95D-2C25540D5182}"
EndProject
Project("{9A19103F-16F7-4668-BE54-9A1E7A4F7556}") = "TastyFoodSolution.Data", "TastyFoodSolution.Data\TastyFoodSolution.Data.csproj", "{617C519B-E4A5-4055-939A-6E34B067831B}"
EndProject
Project("{2150E333-8FDC-42A3-9474-1A3956D46DE8}") = "0.Solution Items", "0.Solution Items", "{E5EDAC45-17D4-4906-BB10-198ECB860877}"
	ProjectSection(SolutionItems) = preProject
		README.md = README.md
	EndProjectSection
EndProject
Project("{9A19103F-16F7-4668-BE54-9A1E7A4F7556}") = "TastyFoodSolution.Application", "TastyFoodSolution.Application\TastyFoodSolution.Application.csproj", "{F99167BC-0C35-44DA-ADA7-C618D2A19505}"
EndProject
Project("{9A19103F-16F7-4668-BE54-9A1E7A4F7556}") = "TastyFoodSolution.Utilities", "TastyFoodSolution.Utilities\TastyFoodSolution.Utilities.csproj", "{2F2BC39F-ED7D-4937-9DC4-2EA3C52E3987}"
EndProject
Project("{9A19103F-16F7-4668-BE54-9A1E7A4F7556}") = "TastyFoodSolution.ViewModels", "TastyFoodSolution.ViewModels\TastyFoodSolution.ViewModels.csproj", "{F0CC06F9-2EBA-45D0-A0C2-B994330C46AD}"
EndProject
Project("{9A19103F-16F7-4668-BE54-9A1E7A4F7556}") = "TastyFoodSolution.BackendApi", "TastyFoodSolution.BackendApi\TastyFoodSolution.BackendApi.csproj", "{54231F71-E55A-495E-A3E3-DB990D953EB0}"
EndProject
Project("{2150E333-8FDC-42A3-9474-1A3956D46DE8}") = "1.Infrastructure", "1.Infrastructure", "{0E5BD8D4-43EB-4D2B-9E30-368278F30519}"
EndProject
Project("{2150E333-8FDC-42A3-9474-1A3956D46DE8}") = "2.Domain", "2.Domain", "{EF0C9545-8B50-48B7-9EBE-C34B1A96076F}"
EndProject
Project("{2150E333-8FDC-42A3-9474-1A3956D46DE8}") = "3.Hosts", "3.Hosts", "{E9B4D3A2-B586-4EEF-BC13-62ED72719543}"
EndProject
Project("{FAE04EC0-301F-11D3-BF4B-00C04F79EFBC}") = "TastyFoodSolution.ApiIntergration", "TastyFoodSolution.ApiIntergration\TastyFoodSolution.ApiIntergration.csproj", "{B73E6CEB-8050-4694-A4F0-E2444DFB19D5}"
EndProject
Global
	GlobalSection(SolutionConfigurationPlatforms) = preSolution
		Debug|Any CPU = Debug|Any CPU
		Release|Any CPU = Release|Any CPU
	EndGlobalSection
	GlobalSection(ProjectConfigurationPlatforms) = postSolution
		{6E16ACDA-FC1D-4B8A-B95D-2C25540D5182}.Debug|Any CPU.ActiveCfg = Debug|Any CPU
		{6E16ACDA-FC1D-4B8A-B95D-2C25540D5182}.Debug|Any CPU.Build.0 = Debug|Any CPU
		{6E16ACDA-FC1D-4B8A-B95D-2C25540D5182}.Release|Any CPU.ActiveCfg = Release|Any CPU
		{6E16ACDA-FC1D-4B8A-B95D-2C25540D5182}.Release|Any CPU.Build.0 = Release|Any CPU
		{617C519B-E4A5-4055-939A-6E34B067831B}.Debug|Any CPU.ActiveCfg = Debug|Any CPU
		{617C519B-E4A5-4055-939A-6E34B067831B}.Debug|Any CPU.Build.0 = Debug|Any CPU
		{617C519B-E4A5-4055-939A-6E34B067831B}.Release|Any CPU.ActiveCfg = Release|Any CPU
		{617C519B-E4A5-4055-939A-6E34B067831B}.Release|Any CPU.Build.0 = Release|Any CPU
		{F99167BC-0C35-44DA-ADA7-C618D2A19505}.Debug|Any CPU.ActiveCfg = Debug|Any CPU
		{F99167BC-0C35-44DA-ADA7-C618D2A19505}.Debug|Any CPU.Build.0 = Debug|Any CPU
		{F99167BC-0C35-44DA-ADA7-C618D2A19505}.Release|Any CPU.ActiveCfg = Release|Any CPU
		{F99167BC-0C35-44DA-ADA7-C618D2A19505}.Release|Any CPU.Build.0 = Release|Any CPU
		{2F2BC39F-ED7D-4937-9DC4-2EA3C52E3987}.Debug|Any CPU.ActiveCfg = Debug|Any CPU
		{2F2BC39F-ED7D-4937-9DC4-2EA3C52E3987}.Debug|Any CPU.Build.0 = Debug|Any CPU
		{2F2BC39F-ED7D-4937-9DC4-2EA3C52E3987}.Release|Any CPU.ActiveCfg = Release|Any CPU
		{2F2BC39F-ED7D-4937-9DC4-2EA3C52E3987}.Release|Any CPU.Build.0 = Release|Any CPU
		{F0CC06F9-2EBA-45D0-A0C2-B994330C46AD}.Debug|Any CPU.ActiveCfg = Debug|Any CPU
		{F0CC06F9-2EBA-45D0-A0C2-B994330C46AD}.Debug|Any CPU.Build.0 = Debug|Any CPU
		{F0CC06F9-2EBA-45D0-A0C2-B994330C46AD}.Release|Any CPU.ActiveCfg = Release|Any CPU
		{F0CC06F9-2EBA-45D0-A0C2-B994330C46AD}.Release|Any CPU.Build.0 = Release|Any CPU
		{54231F71-E55A-495E-A3E3-DB990D953EB0}.Debug|Any CPU.ActiveCfg = Debug|Any CPU
		{54231F71-E55A-495E-A3E3-DB990D953EB0}.Debug|Any CPU.Build.0 = Debug|Any CPU
		{54231F71-E55A-495E-A3E3-DB990D953EB0}.Release|Any CPU.ActiveCfg = Release|Any CPU
		{54231F71-E55A-495E-A3E3-DB990D953EB0}.Release|Any CPU.Build.0 = Release|Any CPU
		{B73E6CEB-8050-4694-A4F0-E2444DFB19D5}.Debug|Any CPU.ActiveCfg = Debug|Any CPU
		{B73E6CEB-8050-4694-A4F0-E2444DFB19D5}.Debug|Any CPU.Build.0 = Debug|Any CPU
		{B73E6CEB-8050-4694-A4F0-E2444DFB19D5}.Release|Any CPU.ActiveCfg = Release|Any CPU
		{B73E6CEB-8050-4694-A4F0-E2444DFB19D5}.Release|Any CPU.Build.0 = Release|Any CPU
	EndGlobalSection
	GlobalSection(SolutionProperties) = preSolution
		HideSolutionNode = FALSE
	EndGlobalSection
	GlobalSection(NestedProjects) = preSolution
		{6E16ACDA-FC1D-4B8A-B95D-2C25540D5182} = {E9B4D3A2-B586-4EEF-BC13-62ED72719543}
		{617C519B-E4A5-4055-939A-6E34B067831B} = {EF0C9545-8B50-48B7-9EBE-C34B1A96076F}
		{F99167BC-0C35-44DA-ADA7-C618D2A19505} = {EF0C9545-8B50-48B7-9EBE-C34B1A96076F}
		{2F2BC39F-ED7D-4937-9DC4-2EA3C52E3987} = {0E5BD8D4-43EB-4D2B-9E30-368278F30519}
		{F0CC06F9-2EBA-45D0-A0C2-B994330C46AD} = {0E5BD8D4-43EB-4D2B-9E30-368278F30519}
		{54231F71-E55A-495E-A3E3-DB990D953EB0} = {E9B4D3A2-B586-4EEF-BC13-62ED72719543}
		{B73E6CEB-8050-4694-A4F0-E2444DFB19D5} = {E9B4D3A2-B586-4EEF-BC13-62ED72719543}
	EndGlobalSection
	GlobalSection(ExtensibilityGlobals) = postSolution
		SolutionGuid = {829F1E75-F185-419C-AE44-8E61B7E2EE68}
	EndGlobalSection
EndGlobal
